
Microsoft Visual Studio Solution File, Format Version 12.00
# 
Project("{FAE04EC0-301F-11D3-BF4B-00C04F79EFBC}") = "API", "API\API.csproj", "{62E9E373-F345-432F-8A67-34C59252FA4E}"
EndProject
Global
	GlobalSection(SolutionConfigurationPlatforms) = preSolution
		Debug|Any CPU = Debug|Any CPU
		Release|Any CPU = Release|Any CPU
	EndGlobalSection
	GlobalSection(ProjectConfigurationPlatforms) = postSolution
		{62E9E373-F345-432F-8A67-34C59252FA4E}.Debug|Any CPU.ActiveCfg = Debug|Any CPU
		{62E9E373-F345-432F-8A67-34C59252FA4E}.Debug|Any CPU.Build.0 = Debug|Any CPU
		{62E9E373-F345-432F-8A67-34C59252FA4E}.Release|Any CPU.ActiveCfg = Release|Any CPU
		{62E9E373-F345-432F-8A67-34C59252FA4E}.Release|Any CPU.Build.0 = Release|Any CPU
	EndGlobalSection
EndGlobal
